
Microsoft Visual Studio Solution File, Format Version 12.00
# Visual Studio Version 17
VisualStudioVersion = 17.9.34701.34
MinimumVisualStudioVersion = 10.0.40219.1
Project("{FAE04EC0-301F-11D3-BF4B-00C04F79EFBC}") = "Schedule.Presentation", "Schedule.API\Schedule.Presentation.csproj", "{065102CB-7D35-4270-BD1A-9DAD1FA67D2C}"
EndProject
Project("{FAE04EC0-301F-11D3-BF4B-00C04F79EFBC}") = "Schedule.Application", "Schedule.Application\Schedule.Application.csproj", "{9F2FBB02-B4A0-4C06-84CE-8DDB747BD7A3}"
EndProject
Project("{FAE04EC0-301F-11D3-BF4B-00C04F79EFBC}") = "Schedule.Domain", "Schedule.Domain\Schedule.Domain.csproj", "{B48F9614-1AF4-4ED8-A702-1994C9A2F9D5}"
EndProject
Project("{FAE04EC0-301F-11D3-BF4B-00C04F79EFBC}") = "Schedule.Persistence", "Schedule.Persistence\Schedule.Persistence.csproj", "{AB642E55-0967-4E28-8E87-FCF0F4FFF7FF}"
EndProject
Project("{FAE04EC0-301F-11D3-BF4B-00C04F79EFBC}") = "Schedule.Infrastructure", "Schedule.Infrastructure\Schedule.Infrastructure.csproj", "{FE2DEF1F-8928-46BF-A799-B64B8E8ED895}"
EndProject
Global
	GlobalSection(SolutionConfigurationPlatforms) = preSolution
		Debug|Any CPU = Debug|Any CPU
		Release|Any CPU = Release|Any CPU
	EndGlobalSection
	GlobalSection(ProjectConfigurationPlatforms) = postSolution
		{065102CB-7D35-4270-BD1A-9DAD1FA67D2C}.Debug|Any CPU.ActiveCfg = Debug|Any CPU
		{065102CB-7D35-4270-BD1A-9DAD1FA67D2C}.Debug|Any CPU.Build.0 = Debug|Any CPU
		{065102CB-7D35-4270-BD1A-9DAD1FA67D2C}.Release|Any CPU.ActiveCfg = Release|Any CPU
		{065102CB-7D35-4270-BD1A-9DAD1FA67D2C}.Release|Any CPU.Build.0 = Release|Any CPU
		{9F2FBB02-B4A0-4C06-84CE-8DDB747BD7A3}.Debug|Any CPU.ActiveCfg = Debug|Any CPU
		{9F2FBB02-B4A0-4C06-84CE-8DDB747BD7A3}.Debug|Any CPU.Build.0 = Debug|Any CPU
		{9F2FBB02-B4A0-4C06-84CE-8DDB747BD7A3}.Release|Any CPU.ActiveCfg = Release|Any CPU
		{9F2FBB02-B4A0-4C06-84CE-8DDB747BD7A3}.Release|Any CPU.Build.0 = Release|Any CPU
		{B48F9614-1AF4-4ED8-A702-1994C9A2F9D5}.Debug|Any CPU.ActiveCfg = Debug|Any CPU
		{B48F9614-1AF4-4ED8-A702-1994C9A2F9D5}.Debug|Any CPU.Build.0 = Debug|Any CPU
		{B48F9614-1AF4-4ED8-A702-1994C9A2F9D5}.Release|Any CPU.ActiveCfg = Release|Any CPU
		{B48F9614-1AF4-4ED8-A702-1994C9A2F9D5}.Release|Any CPU.Build.0 = Release|Any CPU
		{AB642E55-0967-4E28-8E87-FCF0F4FFF7FF}.Debug|Any CPU.ActiveCfg = Debug|Any CPU
		{AB642E55-0967-4E28-8E87-FCF0F4FFF7FF}.Debug|Any CPU.Build.0 = Debug|Any CPU
		{AB642E55-0967-4E28-8E87-FCF0F4FFF7FF}.Release|Any CPU.ActiveCfg = Release|Any CPU
		{AB642E55-0967-4E28-8E87-FCF0F4FFF7FF}.Release|Any CPU.Build.0 = Release|Any CPU
		{FE2DEF1F-8928-46BF-A799-B64B8E8ED895}.Debug|Any CPU.ActiveCfg = Debug|Any CPU
		{FE2DEF1F-8928-46BF-A799-B64B8E8ED895}.Debug|Any CPU.Build.0 = Debug|Any CPU
		{FE2DEF1F-8928-46BF-A799-B64B8E8ED895}.Release|Any CPU.ActiveCfg = Release|Any CPU
		{FE2DEF1F-8928-46BF-A799-B64B8E8ED895}.Release|Any CPU.Build.0 = Release|Any CPU
	EndGlobalSection
	GlobalSection(SolutionProperties) = preSolution
		HideSolutionNode = FALSE
	EndGlobalSection
	GlobalSection(ExtensibilityGlobals) = postSolution
		SolutionGuid = {77572C0C-AFF8-4279-94FF-46CE63234B85}
	EndGlobalSection
EndGlobal
